// !$*UTF8*$!
{
	archiveVersion = 1;
	classes = {
	};
	objectVersion = 56;
	objects = {

/* Begin PBXBuildFile section */
		5A8B7BD62A9A4EF1001D7CD1 /* coRatApp.swift in Sources */ = {isa = PBXBuildFile; fileRef = 5A8B7BD52A9A4EF1001D7CD1 /* coRatApp.swift */; };
		5A8B7BD82A9A4EF1001D7CD1 /* ContentView.swift in Sources */ = {isa = PBXBuildFile; fileRef = 5A8B7BD72A9A4EF1001D7CD1 /* ContentView.swift */; };
		5A8B7BDA2A9A4EF3001D7CD1 /* Assets.xcassets in Resources */ = {isa = PBXBuildFile; fileRef = 5A8B7BD92A9A4EF3001D7CD1 /* Assets.xcassets */; };
		5A8B7BDD2A9A4EF3001D7CD1 /* Preview Assets.xcassets in Resources */ = {isa = PBXBuildFile; fileRef = 5A8B7BDC2A9A4EF3001D7CD1 /* Preview Assets.xcassets */; };
		5A8B7BE62A9B6B1C001D7CD1 /* GoogleService-Info.plist in Resources */ = {isa = PBXBuildFile; fileRef = 5A8B7BE52A9B6B1C001D7CD1 /* GoogleService-Info.plist */; };
		5A8B7BE92A9B6C0A001D7CD1 /* FirebaseAnalytics in Frameworks */ = {isa = PBXBuildFile; productRef = 5A8B7BE82A9B6C0A001D7CD1 /* FirebaseAnalytics */; };
		5A8B7BEB2A9B6C0A001D7CD1 /* FirebaseAnalyticsSwift in Frameworks */ = {isa = PBXBuildFile; productRef = 5A8B7BEA2A9B6C0A001D7CD1 /* FirebaseAnalyticsSwift */; };
		5A8B7BED2A9B6C0A001D7CD1 /* FirebaseFirestore in Frameworks */ = {isa = PBXBuildFile; productRef = 5A8B7BEC2A9B6C0A001D7CD1 /* FirebaseFirestore */; };
		5A8B7BEF2A9B6C0A001D7CD1 /* FirebaseFirestoreCombine-Community in Frameworks */ = {isa = PBXBuildFile; productRef = 5A8B7BEE2A9B6C0A001D7CD1 /* FirebaseFirestoreCombine-Community */; };
		5A8B7BF12A9B6C0A001D7CD1 /* FirebaseFirestoreSwift in Frameworks */ = {isa = PBXBuildFile; productRef = 5A8B7BF02A9B6C0A001D7CD1 /* FirebaseFirestoreSwift */; };
		5A8B7BF32A9B6C0A001D7CD1 /* FirebaseInAppMessaging-Beta in Frameworks */ = {isa = PBXBuildFile; productRef = 5A8B7BF22A9B6C0A001D7CD1 /* FirebaseInAppMessaging-Beta */; };
		5A8B7BF52A9B6C0A001D7CD1 /* FirebaseInAppMessagingSwift-Beta in Frameworks */ = {isa = PBXBuildFile; productRef = 5A8B7BF42A9B6C0A001D7CD1 /* FirebaseInAppMessagingSwift-Beta */; };
		5A8B7BF72A9B6C0A001D7CD1 /* FirebaseMessaging in Frameworks */ = {isa = PBXBuildFile; productRef = 5A8B7BF62A9B6C0A001D7CD1 /* FirebaseMessaging */; };
		5A8B7BF92A9B6C0A001D7CD1 /* FirebaseRemoteConfig in Frameworks */ = {isa = PBXBuildFile; productRef = 5A8B7BF82A9B6C0A001D7CD1 /* FirebaseRemoteConfig */; };
		5A8B7BFB2A9B6C0A001D7CD1 /* FirebaseRemoteConfigSwift in Frameworks */ = {isa = PBXBuildFile; productRef = 5A8B7BFA2A9B6C0A001D7CD1 /* FirebaseRemoteConfigSwift */; };
		5A8B7BFD2A9B6C0A001D7CD1 /* FirebaseStorage in Frameworks */ = {isa = PBXBuildFile; productRef = 5A8B7BFC2A9B6C0A001D7CD1 /* FirebaseStorage */; };
		5A8B7BFF2A9B6C0A001D7CD1 /* FirebaseStorageCombine-Community in Frameworks */ = {isa = PBXBuildFile; productRef = 5A8B7BFE2A9B6C0A001D7CD1 /* FirebaseStorageCombine-Community */; };
		5A9B682B2A9B6F880007C8D8 /* LoginView.swift in Sources */ = {isa = PBXBuildFile; fileRef = 5A9B682A2A9B6F880007C8D8 /* LoginView.swift */; };
		5A9B682E2A9B74E60007C8D8 /* FirebaseAuth in Frameworks */ = {isa = PBXBuildFile; productRef = 5A9B682D2A9B74E60007C8D8 /* FirebaseAuth */; };
		5A9B68302A9C6E950007C8D8 /* SignInView.swift in Sources */ = {isa = PBXBuildFile; fileRef = 5A9B682F2A9C6E950007C8D8 /* SignInView.swift */; };
/* End PBXBuildFile section */

/* Begin PBXFileReference section */
		5A8B7BD22A9A4EF1001D7CD1 /* coRat.app */ = {isa = PBXFileReference; explicitFileType = wrapper.application; includeInIndex = 0; path = coRat.app; sourceTree = BUILT_PRODUCTS_DIR; };
		5A8B7BD52A9A4EF1001D7CD1 /* coRatApp.swift */ = {isa = PBXFileReference; lastKnownFileType = sourcecode.swift; path = coRatApp.swift; sourceTree = "<group>"; };
		5A8B7BD72A9A4EF1001D7CD1 /* ContentView.swift */ = {isa = PBXFileReference; lastKnownFileType = sourcecode.swift; path = ContentView.swift; sourceTree = "<group>"; };
		5A8B7BD92A9A4EF3001D7CD1 /* Assets.xcassets */ = {isa = PBXFileReference; lastKnownFileType = folder.assetcatalog; path = Assets.xcassets; sourceTree = "<group>"; };
		5A8B7BDC2A9A4EF3001D7CD1 /* Preview Assets.xcassets */ = {isa = PBXFileReference; lastKnownFileType = folder.assetcatalog; path = "Preview Assets.xcassets"; sourceTree = "<group>"; };
		5A8B7BE52A9B6B1C001D7CD1 /* GoogleService-Info.plist */ = {isa = PBXFileReference; fileEncoding = 4; lastKnownFileType = text.plist.xml; path = "GoogleService-Info.plist"; sourceTree = "<group>"; };
		5A9B682A2A9B6F880007C8D8 /* LoginView.swift */ = {isa = PBXFileReference; lastKnownFileType = sourcecode.swift; path = LoginView.swift; sourceTree = "<group>"; };
		5A9B682F2A9C6E950007C8D8 /* SignInView.swift */ = {isa = PBXFileReference; lastKnownFileType = sourcecode.swift; path = SignInView.swift; sourceTree = "<group>"; };
/* End PBXFileReference section */

/* Begin PBXFrameworksBuildPhase section */
		5A8B7BCF2A9A4EF1001D7CD1 /* Frameworks */ = {
			isa = PBXFrameworksBuildPhase;
			buildActionMask = 2147483647;
			files = (
				5A8B7BF92A9B6C0A001D7CD1 /* FirebaseRemoteConfig in Frameworks */,
				5A8B7BF72A9B6C0A001D7CD1 /* FirebaseMessaging in Frameworks */,
				5A8B7BF12A9B6C0A001D7CD1 /* FirebaseFirestoreSwift in Frameworks */,
				5A8B7BEB2A9B6C0A001D7CD1 /* FirebaseAnalyticsSwift in Frameworks */,
				5A8B7BF52A9B6C0A001D7CD1 /* FirebaseInAppMessagingSwift-Beta in Frameworks */,
				5A8B7BEF2A9B6C0A001D7CD1 /* FirebaseFirestoreCombine-Community in Frameworks */,
				5A8B7BE92A9B6C0A001D7CD1 /* FirebaseAnalytics in Frameworks */,
				5A8B7BFB2A9B6C0A001D7CD1 /* FirebaseRemoteConfigSwift in Frameworks */,
				5A8B7BFD2A9B6C0A001D7CD1 /* FirebaseStorage in Frameworks */,
				5A8B7BED2A9B6C0A001D7CD1 /* FirebaseFirestore in Frameworks */,
				5A9B682E2A9B74E60007C8D8 /* FirebaseAuth in Frameworks */,
				5A8B7BFF2A9B6C0A001D7CD1 /* FirebaseStorageCombine-Community in Frameworks */,
				5A8B7BF32A9B6C0A001D7CD1 /* FirebaseInAppMessaging-Beta in Frameworks */,
			);
			runOnlyForDeploymentPostprocessing = 0;
		};
/* End PBXFrameworksBuildPhase section */

/* Begin PBXGroup section */
		5A8B7BC92A9A4EF1001D7CD1 = {
			isa = PBXGroup;
			children = (
				5A8B7BD42A9A4EF1001D7CD1 /* coRat */,
				5A8B7BD32A9A4EF1001D7CD1 /* Products */,
				5A9B682C2A9B74E60007C8D8 /* Frameworks */,
			);
			sourceTree = "<group>";
		};
		5A8B7BD32A9A4EF1001D7CD1 /* Products */ = {
			isa = PBXGroup;
			children = (
				5A8B7BD22A9A4EF1001D7CD1 /* coRat.app */,
			);
			name = Products;
			sourceTree = "<group>";
		};
		5A8B7BD42A9A4EF1001D7CD1 /* coRat */ = {
			isa = PBXGroup;
			children = (
				5A8B7BD52A9A4EF1001D7CD1 /* coRatApp.swift */,
				5A8B7BD72A9A4EF1001D7CD1 /* ContentView.swift */,
				5A9B682A2A9B6F880007C8D8 /* LoginView.swift */,
				5A9B682F2A9C6E950007C8D8 /* SignInView.swift */,
				5A8B7BD92A9A4EF3001D7CD1 /* Assets.xcassets */,
				5A8B7BE52A9B6B1C001D7CD1 /* GoogleService-Info.plist */,
				5A8B7BDB2A9A4EF3001D7CD1 /* Preview Content */,
			);
			path = coRat;
			sourceTree = "<group>";
		};
		5A8B7BDB2A9A4EF3001D7CD1 /* Preview Content */ = {
			isa = PBXGroup;
			children = (
				5A8B7BDC2A9A4EF3001D7CD1 /* Preview Assets.xcassets */,
			);
			path = "Preview Content";
			sourceTree = "<group>";
		};
		5A9B682C2A9B74E60007C8D8 /* Frameworks */ = {
			isa = PBXGroup;
			children = (
			);
			name = Frameworks;
			sourceTree = "<group>";
		};
/* End PBXGroup section */

/* Begin PBXNativeTarget section */
		5A8B7BD12A9A4EF1001D7CD1 /* coRat */ = {
			isa = PBXNativeTarget;
			buildConfigurationList = 5A8B7BE02A9A4EF3001D7CD1 /* Build configuration list for PBXNativeTarget "coRat" */;
			buildPhases = (
				5A8B7BCE2A9A4EF1001D7CD1 /* Sources */,
				5A8B7BCF2A9A4EF1001D7CD1 /* Frameworks */,
				5A8B7BD02A9A4EF1001D7CD1 /* Resources */,
			);
			buildRules = (
			);
			dependencies = (
			);
			name = coRat;
			packageProductDependencies = (
				5A8B7BE82A9B6C0A001D7CD1 /* FirebaseAnalytics */,
				5A8B7BEA2A9B6C0A001D7CD1 /* FirebaseAnalyticsSwift */,
				5A8B7BEC2A9B6C0A001D7CD1 /* FirebaseFirestore */,
				5A8B7BEE2A9B6C0A001D7CD1 /* FirebaseFirestoreCombine-Community */,
				5A8B7BF02A9B6C0A001D7CD1 /* FirebaseFirestoreSwift */,
				5A8B7BF22A9B6C0A001D7CD1 /* FirebaseInAppMessaging-Beta */,
				5A8B7BF42A9B6C0A001D7CD1 /* FirebaseInAppMessagingSwift-Beta */,
				5A8B7BF62A9B6C0A001D7CD1 /* FirebaseMessaging */,
				5A8B7BF82A9B6C0A001D7CD1 /* FirebaseRemoteConfig */,
				5A8B7BFA2A9B6C0A001D7CD1 /* FirebaseRemoteConfigSwift */,
				5A8B7BFC2A9B6C0A001D7CD1 /* FirebaseStorage */,
				5A8B7BFE2A9B6C0A001D7CD1 /* FirebaseStorageCombine-Community */,
				5A9B682D2A9B74E60007C8D8 /* FirebaseAuth */,
			);
			productName = coRat;
			productReference = 5A8B7BD22A9A4EF1001D7CD1 /* coRat.app */;
			productType = "com.apple.product-type.application";
		};
/* End PBXNativeTarget section */

/* Begin PBXProject section */
		5A8B7BCA2A9A4EF1001D7CD1 /* Project object */ = {
			isa = PBXProject;
			attributes = {
				BuildIndependentTargetsInParallel = 1;
				LastSwiftUpdateCheck = 1420;
				LastUpgradeCheck = 1420;
				TargetAttributes = {
					5A8B7BD12A9A4EF1001D7CD1 = {
						CreatedOnToolsVersion = 14.2;
					};
				};
			};
			buildConfigurationList = 5A8B7BCD2A9A4EF1001D7CD1 /* Build configuration list for PBXProject "coRat" */;
			compatibilityVersion = "Xcode 14.0";
			developmentRegion = en;
			hasScannedForEncodings = 0;
			knownRegions = (
				en,
				Base,
			);
			mainGroup = 5A8B7BC92A9A4EF1001D7CD1;
			packageReferences = (
				5A8B7BE72A9B6C0A001D7CD1 /* XCRemoteSwiftPackageReference "firebase-ios-sdk" */,
			);
			productRefGroup = 5A8B7BD32A9A4EF1001D7CD1 /* Products */;
			projectDirPath = "";
			projectRoot = "";
			targets = (
				5A8B7BD12A9A4EF1001D7CD1 /* coRat */,
			);
		};
/* End PBXProject section */

/* Begin PBXResourcesBuildPhase section */
		5A8B7BD02A9A4EF1001D7CD1 /* Resources */ = {
			isa = PBXResourcesBuildPhase;
			buildActionMask = 2147483647;
			files = (
				5A8B7BDD2A9A4EF3001D7CD1 /* Preview Assets.xcassets in Resources */,
				5A8B7BE62A9B6B1C001D7CD1 /* GoogleService-Info.plist in Resources */,
				5A8B7BDA2A9A4EF3001D7CD1 /* Assets.xcassets in Resources */,
			);
			runOnlyForDeploymentPostprocessing = 0;
		};
/* End PBXResourcesBuildPhase section */

/* Begin PBXSourcesBuildPhase section */
		5A8B7BCE2A9A4EF1001D7CD1 /* Sources */ = {
			isa = PBXSourcesBuildPhase;
			buildActionMask = 2147483647;
			files = (
				5A9B682B2A9B6F880007C8D8 /* LoginView.swift in Sources */,
				5A8B7BD82A9A4EF1001D7CD1 /* ContentView.swift in Sources */,
				5A9B68302A9C6E950007C8D8 /* SignInView.swift in Sources */,
				5A8B7BD62A9A4EF1001D7CD1 /* coRatApp.swift in Sources */,
			);
			runOnlyForDeploymentPostprocessing = 0;
		};
/* End PBXSourcesBuildPhase section */

/* Begin XCBuildConfiguration section */
		5A8B7BDE2A9A4EF3001D7CD1 /* Debug */ = {
			isa = XCBuildConfiguration;
			buildSettings = {
				ALWAYS_SEARCH_USER_PATHS = NO;
				CLANG_ANALYZER_NONNULL = YES;
				CLANG_ANALYZER_NUMBER_OBJECT_CONVERSION = YES_AGGRESSIVE;
				CLANG_CXX_LANGUAGE_STANDARD = "gnu++20";
				CLANG_ENABLE_MODULES = YES;
				CLANG_ENABLE_OBJC_ARC = YES;
				CLANG_ENABLE_OBJC_WEAK = YES;
				CLANG_WARN_BLOCK_CAPTURE_AUTORELEASING = YES;
				CLANG_WARN_BOOL_CONVERSION = YES;
				CLANG_WARN_COMMA = YES;
				CLANG_WARN_CONSTANT_CONVERSION = YES;
				CLANG_WARN_DEPRECATED_OBJC_IMPLEMENTATIONS = YES;
				CLANG_WARN_DIRECT_OBJC_ISA_USAGE = YES_ERROR;
				CLANG_WARN_DOCUMENTATION_COMMENTS = YES;
				CLANG_WARN_EMPTY_BODY = YES;
				CLANG_WARN_ENUM_CONVERSION = YES;
				CLANG_WARN_INFINITE_RECURSION = YES;
				CLANG_WARN_INT_CONVERSION = YES;
				CLANG_WARN_NON_LITERAL_NULL_CONVERSION = YES;
				CLANG_WARN_OBJC_IMPLICIT_RETAIN_SELF = YES;
				CLANG_WARN_OBJC_LITERAL_CONVERSION = YES;
				CLANG_WARN_OBJC_ROOT_CLASS = YES_ERROR;
				CLANG_WARN_QUOTED_INCLUDE_IN_FRAMEWORK_HEADER = YES;
				CLANG_WARN_RANGE_LOOP_ANALYSIS = YES;
				CLANG_WARN_STRICT_PROTOTYPES = YES;
				CLANG_WARN_SUSPICIOUS_MOVE = YES;
				CLANG_WARN_UNGUARDED_AVAILABILITY = YES_AGGRESSIVE;
				CLANG_WARN_UNREACHABLE_CODE = YES;
				CLANG_WARN__DUPLICATE_METHOD_MATCH = YES;
				COPY_PHASE_STRIP = NO;
				DEBUG_INFORMATION_FORMAT = dwarf;
				ENABLE_STRICT_OBJC_MSGSEND = YES;
				ENABLE_TESTABILITY = YES;
				GCC_C_LANGUAGE_STANDARD = gnu11;
				GCC_DYNAMIC_NO_PIC = NO;
				GCC_NO_COMMON_BLOCKS = YES;
				GCC_OPTIMIZATION_LEVEL = 0;
				GCC_PREPROCESSOR_DEFINITIONS = (
					"DEBUG=1",
					"$(inherited)",
				);
				GCC_WARN_64_TO_32_BIT_CONVERSION = YES;
				GCC_WARN_ABOUT_RETURN_TYPE = YES_ERROR;
				GCC_WARN_UNDECLARED_SELECTOR = YES;
				GCC_WARN_UNINITIALIZED_AUTOS = YES_AGGRESSIVE;
				GCC_WARN_UNUSED_FUNCTION = YES;
				GCC_WARN_UNUSED_VARIABLE = YES;
				IPHONEOS_DEPLOYMENT_TARGET = 16.2;
				MTL_ENABLE_DEBUG_INFO = INCLUDE_SOURCE;
				MTL_FAST_MATH = YES;
				ONLY_ACTIVE_ARCH = YES;
				SDKROOT = iphoneos;
				SWIFT_ACTIVE_COMPILATION_CONDITIONS = DEBUG;
				SWIFT_OPTIMIZATION_LEVEL = "-Onone";
			};
			name = Debug;
		};
		5A8B7BDF2A9A4EF3001D7CD1 /* Release */ = {
			isa = XCBuildConfiguration;
			buildSettings = {
				ALWAYS_SEARCH_USER_PATHS = NO;
				CLANG_ANALYZER_NONNULL = YES;
				CLANG_ANALYZER_NUMBER_OBJECT_CONVERSION = YES_AGGRESSIVE;
				CLANG_CXX_LANGUAGE_STANDARD = "gnu++20";
				CLANG_ENABLE_MODULES = YES;
				CLANG_ENABLE_OBJC_ARC = YES;
				CLANG_ENABLE_OBJC_WEAK = YES;
				CLANG_WARN_BLOCK_CAPTURE_AUTORELEASING = YES;
				CLANG_WARN_BOOL_CONVERSION = YES;
				CLANG_WARN_COMMA = YES;
				CLANG_WARN_CONSTANT_CONVERSION = YES;
				CLANG_WARN_DEPRECATED_OBJC_IMPLEMENTATIONS = YES;
				CLANG_WARN_DIRECT_OBJC_ISA_USAGE = YES_ERROR;
				CLANG_WARN_DOCUMENTATION_COMMENTS = YES;
				CLANG_WARN_EMPTY_BODY = YES;
				CLANG_WARN_ENUM_CONVERSION = YES;
				CLANG_WARN_INFINITE_RECURSION = YES;
				CLANG_WARN_INT_CONVERSION = YES;
				CLANG_WARN_NON_LITERAL_NULL_CONVERSION = YES;
				CLANG_WARN_OBJC_IMPLICIT_RETAIN_SELF = YES;
				CLANG_WARN_OBJC_LITERAL_CONVERSION = YES;
				CLANG_WARN_OBJC_ROOT_CLASS = YES_ERROR;
				CLANG_WARN_QUOTED_INCLUDE_IN_FRAMEWORK_HEADER = YES;
				CLANG_WARN_RANGE_LOOP_ANALYSIS = YES;
				CLANG_WARN_STRICT_PROTOTYPES = YES;
				CLANG_WARN_SUSPICIOUS_MOVE = YES;
				CLANG_WARN_UNGUARDED_AVAILABILITY = YES_AGGRESSIVE;
				CLANG_WARN_UNREACHABLE_CODE = YES;
				CLANG_WARN__DUPLICATE_METHOD_MATCH = YES;
				COPY_PHASE_STRIP = NO;
				DEBUG_INFORMATION_FORMAT = "dwarf-with-dsym";
				ENABLE_NS_ASSERTIONS = NO;
				ENABLE_STRICT_OBJC_MSGSEND = YES;
				GCC_C_LANGUAGE_STANDARD = gnu11;
				GCC_NO_COMMON_BLOCKS = YES;
				GCC_WARN_64_TO_32_BIT_CONVERSION = YES;
				GCC_WARN_ABOUT_RETURN_TYPE = YES_ERROR;
				GCC_WARN_UNDECLARED_SELECTOR = YES;
				GCC_WARN_UNINITIALIZED_AUTOS = YES_AGGRESSIVE;
				GCC_WARN_UNUSED_FUNCTION = YES;
				GCC_WARN_UNUSED_VARIABLE = YES;
				IPHONEOS_DEPLOYMENT_TARGET = 16.2;
				MTL_ENABLE_DEBUG_INFO = NO;
				MTL_FAST_MATH = YES;
				SDKROOT = iphoneos;
				SWIFT_COMPILATION_MODE = wholemodule;
				SWIFT_OPTIMIZATION_LEVEL = "-O";
				VALIDATE_PRODUCT = YES;
			};
			name = Release;
		};
		5A8B7BE12A9A4EF3001D7CD1 /* Debug */ = {
			isa = XCBuildConfiguration;
			buildSettings = {
				ASSETCATALOG_COMPILER_APPICON_NAME = AppIcon;
				ASSETCATALOG_COMPILER_GLOBAL_ACCENT_COLOR_NAME = AccentColor;
				CODE_SIGN_STYLE = Automatic;
				CURRENT_PROJECT_VERSION = 1;
				DEVELOPMENT_ASSET_PATHS = "\"coRat/Preview Content\"";
				DEVELOPMENT_TEAM = HYKKUGF94R;
				ENABLE_PREVIEWS = YES;
				GENERATE_INFOPLIST_FILE = YES;
				INFOPLIST_KEY_UIApplicationSceneManifest_Generation = YES;
				INFOPLIST_KEY_UIApplicationSupportsIndirectInputEvents = YES;
				INFOPLIST_KEY_UILaunchScreen_Generation = YES;
				INFOPLIST_KEY_UISupportedInterfaceOrientations_iPad = "UIInterfaceOrientationPortrait UIInterfaceOrientationPortraitUpsideDown UIInterfaceOrientationLandscapeLeft UIInterfaceOrientationLandscapeRight";
				INFOPLIST_KEY_UISupportedInterfaceOrientations_iPhone = "UIInterfaceOrientationPortrait UIInterfaceOrientationLandscapeLeft UIInterfaceOrientationLandscapeRight";
				LD_RUNPATH_SEARCH_PATHS = (
					"$(inherited)",
					"@executable_path/Frameworks",
				);
				MARKETING_VERSION = 1.0;
				PRODUCT_BUNDLE_IDENTIFIER = com.epiphany.coRat;
				PRODUCT_NAME = "$(TARGET_NAME)";
				SWIFT_EMIT_LOC_STRINGS = YES;
				SWIFT_VERSION = 5.0;
				TARGETED_DEVICE_FAMILY = "1,2";
			};
			name = Debug;
		};
		5A8B7BE22A9A4EF3001D7CD1 /* Release */ = {
			isa = XCBuildConfiguration;
			buildSettings = {
				ASSETCATALOG_COMPILER_APPICON_NAME = AppIcon;
				ASSETCATALOG_COMPILER_GLOBAL_ACCENT_COLOR_NAME = AccentColor;
				CODE_SIGN_STYLE = Automatic;
				CURRENT_PROJECT_VERSION = 1;
				DEVELOPMENT_ASSET_PATHS = "\"coRat/Preview Content\"";
				DEVELOPMENT_TEAM = HYKKUGF94R;
				ENABLE_PREVIEWS = YES;
				GENERATE_INFOPLIST_FILE = YES;
				INFOPLIST_KEY_UIApplicationSceneManifest_Generation = YES;
				INFOPLIST_KEY_UIApplicationSupportsIndirectInputEvents = YES;
				INFOPLIST_KEY_UILaunchScreen_Generation = YES;
				INFOPLIST_KEY_UISupportedInterfaceOrientations_iPad = "UIInterfaceOrientationPortrait UIInterfaceOrientationPortraitUpsideDown UIInterfaceOrientationLandscapeLeft UIInterfaceOrientationLandscapeRight";
				INFOPLIST_KEY_UISupportedInterfaceOrientations_iPhone = "UIInterfaceOrientationPortrait UIInterfaceOrientationLandscapeLeft UIInterfaceOrientationLandscapeRight";
				LD_RUNPATH_SEARCH_PATHS = (
					"$(inherited)",
					"@executable_path/Frameworks",
				);
				MARKETING_VERSION = 1.0;
				PRODUCT_BUNDLE_IDENTIFIER = com.epiphany.coRat;
				PRODUCT_NAME = "$(TARGET_NAME)";
				SWIFT_EMIT_LOC_STRINGS = YES;
				SWIFT_VERSION = 5.0;
				TARGETED_DEVICE_FAMILY = "1,2";
			};
			name = Release;
		};
/* End XCBuildConfiguration section */

/* Begin XCConfigurationList section */
		5A8B7BCD2A9A4EF1001D7CD1 /* Build configuration list for PBXProject "coRat" */ = {
			isa = XCConfigurationList;
			buildConfigurations = (
				5A8B7BDE2A9A4EF3001D7CD1 /* Debug */,
				5A8B7BDF2A9A4EF3001D7CD1 /* Release */,
			);
			defaultConfigurationIsVisible = 0;
			defaultConfigurationName = Release;
		};
		5A8B7BE02A9A4EF3001D7CD1 /* Build configuration list for PBXNativeTarget "coRat" */ = {
			isa = XCConfigurationList;
			buildConfigurations = (
				5A8B7BE12A9A4EF3001D7CD1 /* Debug */,
				5A8B7BE22A9A4EF3001D7CD1 /* Release */,
			);
			defaultConfigurationIsVisible = 0;
			defaultConfigurationName = Release;
		};
/* End XCConfigurationList section */

/* Begin XCRemoteSwiftPackageReference section */
		5A8B7BE72A9B6C0A001D7CD1 /* XCRemoteSwiftPackageReference "firebase-ios-sdk" */ = {
			isa = XCRemoteSwiftPackageReference;
			repositoryURL = "https://github.com/firebase/firebase-ios-sdk";
			requirement = {
				branch = master;
				kind = branch;
			};
		};
/* End XCRemoteSwiftPackageReference section */

/* Begin XCSwiftPackageProductDependency section */
		5A8B7BE82A9B6C0A001D7CD1 /* FirebaseAnalytics */ = {
			isa = XCSwiftPackageProductDependency;
			package = 5A8B7BE72A9B6C0A001D7CD1 /* XCRemoteSwiftPackageReference "firebase-ios-sdk" */;
			productName = FirebaseAnalytics;
		};
		5A8B7BEA2A9B6C0A001D7CD1 /* FirebaseAnalyticsSwift */ = {
			isa = XCSwiftPackageProductDependency;
			package = 5A8B7BE72A9B6C0A001D7CD1 /* XCRemoteSwiftPackageReference "firebase-ios-sdk" */;
			productName = FirebaseAnalyticsSwift;
		};
		5A8B7BEC2A9B6C0A001D7CD1 /* FirebaseFirestore */ = {
			isa = XCSwiftPackageProductDependency;
			package = 5A8B7BE72A9B6C0A001D7CD1 /* XCRemoteSwiftPackageReference "firebase-ios-sdk" */;
			productName = FirebaseFirestore;
		};
		5A8B7BEE2A9B6C0A001D7CD1 /* FirebaseFirestoreCombine-Community */ = {
			isa = XCSwiftPackageProductDependency;
			package = 5A8B7BE72A9B6C0A001D7CD1 /* XCRemoteSwiftPackageReference "firebase-ios-sdk" */;
			productName = "FirebaseFirestoreCombine-Community";
		};
		5A8B7BF02A9B6C0A001D7CD1 /* FirebaseFirestoreSwift */ = {
			isa = XCSwiftPackageProductDependency;
			package = 5A8B7BE72A9B6C0A001D7CD1 /* XCRemoteSwiftPackageReference "firebase-ios-sdk" */;
			productName = FirebaseFirestoreSwift;
		};
		5A8B7BF22A9B6C0A001D7CD1 /* FirebaseInAppMessaging-Beta */ = {
			isa = XCSwiftPackageProductDependency;
			package = 5A8B7BE72A9B6C0A001D7CD1 /* XCRemoteSwiftPackageReference "firebase-ios-sdk" */;
			productName = "FirebaseInAppMessaging-Beta";
		};
		5A8B7BF42A9B6C0A001D7CD1 /* FirebaseInAppMessagingSwift-Beta */ = {
			isa = XCSwiftPackageProductDependency;
			package = 5A8B7BE72A9B6C0A001D7CD1 /* XCRemoteSwiftPackageReference "firebase-ios-sdk" */;
			productName = "FirebaseInAppMessagingSwift-Beta";
		};
		5A8B7BF62A9B6C0A001D7CD1 /* FirebaseMessaging */ = {
			isa = XCSwiftPackageProductDependency;
			package = 5A8B7BE72A9B6C0A001D7CD1 /* XCRemoteSwiftPackageReference "firebase-ios-sdk" */;
			productName = FirebaseMessaging;
		};
		5A8B7BF82A9B6C0A001D7CD1 /* FirebaseRemoteConfig */ = {
			isa = XCSwiftPackageProductDependency;
			package = 5A8B7BE72A9B6C0A001D7CD1 /* XCRemoteSwiftPackageReference "firebase-ios-sdk" */;
			productName = FirebaseRemoteConfig;
		};
		5A8B7BFA2A9B6C0A001D7CD1 /* FirebaseRemoteConfigSwift */ = {
			isa = XCSwiftPackageProductDependency;
			package = 5A8B7BE72A9B6C0A001D7CD1 /* XCRemoteSwiftPackageReference "firebase-ios-sdk" */;
			productName = FirebaseRemoteConfigSwift;
		};
		5A8B7BFC2A9B6C0A001D7CD1 /* FirebaseStorage */ = {
			isa = XCSwiftPackageProductDependency;
			package = 5A8B7BE72A9B6C0A001D7CD1 /* XCRemoteSwiftPackageReference "firebase-ios-sdk" */;
			productName = FirebaseStorage;
		};
		5A8B7BFE2A9B6C0A001D7CD1 /* FirebaseStorageCombine-Community */ = {
			isa = XCSwiftPackageProductDependency;
			package = 5A8B7BE72A9B6C0A001D7CD1 /* XCRemoteSwiftPackageReference "firebase-ios-sdk" */;
			productName = "FirebaseStorageCombine-Community";
		};
		5A9B682D2A9B74E60007C8D8 /* FirebaseAuth */ = {
			isa = XCSwiftPackageProductDependency;
			package = 5A8B7BE72A9B6C0A001D7CD1 /* XCRemoteSwiftPackageReference "firebase-ios-sdk" */;
			productName = FirebaseAuth;
		};
/* End XCSwiftPackageProductDependency section */
	};
	rootObject = 5A8B7BCA2A9A4EF1001D7CD1 /* Project object */;
}
